// !$*UTF8*$!
{
	archiveVersion = 1;
	classes = {
	};
	objectVersion = 56;
	objects = {

/* Begin PBXBuildFile section */
		A15131372AAC2C2700D0A4D4 /* AccomodationList.swift in Sources */ = {isa = PBXBuildFile; fileRef = A15131362AAC2C2700D0A4D4 /* AccomodationList.swift */; };
		A15876602AB1905D00244F90 /* FavouriteList.swift in Sources */ = {isa = PBXBuildFile; fileRef = A158765F2AB1905D00244F90 /* FavouriteList.swift */; };
		A160F4042AAA9E1E006D0F4D /* Activity.swift in Sources */ = {isa = PBXBuildFile; fileRef = A160F4032AAA9E1E006D0F4D /* Activity.swift */; };
		A160F4062AAA9E27006D0F4D /* ModelData.swift in Sources */ = {isa = PBXBuildFile; fileRef = A160F4052AAA9E27006D0F4D /* ModelData.swift */; };
		A160F40B2AAA9E96006D0F4D /* ImageView.swift in Sources */ = {isa = PBXBuildFile; fileRef = A160F40A2AAA9E96006D0F4D /* ImageView.swift */; };
		A160F40D2AAA9EA0006D0F4D /* MapView.swift in Sources */ = {isa = PBXBuildFile; fileRef = A160F40C2AAA9EA0006D0F4D /* MapView.swift */; };
		A160F4112AAAAE54006D0F4D /* ActivityData.json in Resources */ = {isa = PBXBuildFile; fileRef = A160F4102AAAAE54006D0F4D /* ActivityData.json */; };
		A160F4132AAAB733006D0F4D /* ActivityList.swift in Sources */ = {isa = PBXBuildFile; fileRef = A160F4122AAAB733006D0F4D /* ActivityList.swift */; };
		A160F4152AAAB802006D0F4D /* ActivityRow.swift in Sources */ = {isa = PBXBuildFile; fileRef = A160F4142AAAB802006D0F4D /* ActivityRow.swift */; };
		A160F4172AAABC74006D0F4D /* ActivityDetail.swift in Sources */ = {isa = PBXBuildFile; fileRef = A160F4162AAABC74006D0F4D /* ActivityDetail.swift */; };
		A160F4192AAACA4F006D0F4D /* LocationDetail.swift in Sources */ = {isa = PBXBuildFile; fileRef = A160F4182AAACA4F006D0F4D /* LocationDetail.swift */; };
		A160F41B2AAAD7A7006D0F4D /* ItineraryList.swift in Sources */ = {isa = PBXBuildFile; fileRef = A160F41A2AAAD7A7006D0F4D /* ItineraryList.swift */; };
		A163CA8F2AA9B3BA009B8016 /* IOS_Advanced_Assignment_2App.swift in Sources */ = {isa = PBXBuildFile; fileRef = A163CA8E2AA9B3BA009B8016 /* IOS_Advanced_Assignment_2App.swift */; };
		A163CA912AA9B3BA009B8016 /* ContentView.swift in Sources */ = {isa = PBXBuildFile; fileRef = A163CA902AA9B3BA009B8016 /* ContentView.swift */; };
		A163CA932AA9B3BE009B8016 /* Assets.xcassets in Resources */ = {isa = PBXBuildFile; fileRef = A163CA922AA9B3BE009B8016 /* Assets.xcassets */; };
		A163CA962AA9B3BE009B8016 /* Preview Assets.xcassets in Resources */ = {isa = PBXBuildFile; fileRef = A163CA952AA9B3BE009B8016 /* Preview Assets.xcassets */; };
		A17959EA2AAC30E100FD383A /* AccomodationData.json in Resources */ = {isa = PBXBuildFile; fileRef = A17959E92AAC30E100FD383A /* AccomodationData.json */; };
		A17959EC2AAC30EE00FD383A /* Accomodation.swift in Sources */ = {isa = PBXBuildFile; fileRef = A17959EB2AAC30EE00FD383A /* Accomodation.swift */; };
		A17959EE2AAC354B00FD383A /* AccomodationDetail.swift in Sources */ = {isa = PBXBuildFile; fileRef = A17959ED2AAC354B00FD383A /* AccomodationDetail.swift */; };
		A17959F02AAC359700FD383A /* AccomodationRow.swift in Sources */ = {isa = PBXBuildFile; fileRef = A17959EF2AAC359700FD383A /* AccomodationRow.swift */; };
/* End PBXBuildFile section */

/* Begin PBXFileReference section */
		A15131362AAC2C2700D0A4D4 /* AccomodationList.swift */ = {isa = PBXFileReference; lastKnownFileType = sourcecode.swift; path = AccomodationList.swift; sourceTree = "<group>"; };
		A158765F2AB1905D00244F90 /* FavouriteList.swift */ = {isa = PBXFileReference; lastKnownFileType = sourcecode.swift; path = FavouriteList.swift; sourceTree = "<group>"; };
		A160F4032AAA9E1E006D0F4D /* Activity.swift */ = {isa = PBXFileReference; lastKnownFileType = sourcecode.swift; path = Activity.swift; sourceTree = "<group>"; };
		A160F4052AAA9E27006D0F4D /* ModelData.swift */ = {isa = PBXFileReference; lastKnownFileType = sourcecode.swift; path = ModelData.swift; sourceTree = "<group>"; };
		A160F40A2AAA9E96006D0F4D /* ImageView.swift */ = {isa = PBXFileReference; lastKnownFileType = sourcecode.swift; path = ImageView.swift; sourceTree = "<group>"; };
		A160F40C2AAA9EA0006D0F4D /* MapView.swift */ = {isa = PBXFileReference; lastKnownFileType = sourcecode.swift; path = MapView.swift; sourceTree = "<group>"; };
		A160F4102AAAAE54006D0F4D /* ActivityData.json */ = {isa = PBXFileReference; fileEncoding = 4; lastKnownFileType = text.json; path = ActivityData.json; sourceTree = "<group>"; };
		A160F4122AAAB733006D0F4D /* ActivityList.swift */ = {isa = PBXFileReference; lastKnownFileType = sourcecode.swift; path = ActivityList.swift; sourceTree = "<group>"; };
		A160F4142AAAB802006D0F4D /* ActivityRow.swift */ = {isa = PBXFileReference; lastKnownFileType = sourcecode.swift; path = ActivityRow.swift; sourceTree = "<group>"; };
		A160F4162AAABC74006D0F4D /* ActivityDetail.swift */ = {isa = PBXFileReference; lastKnownFileType = sourcecode.swift; path = ActivityDetail.swift; sourceTree = "<group>"; };
		A160F4182AAACA4F006D0F4D /* LocationDetail.swift */ = {isa = PBXFileReference; lastKnownFileType = sourcecode.swift; path = LocationDetail.swift; sourceTree = "<group>"; };
		A160F41A2AAAD7A7006D0F4D /* ItineraryList.swift */ = {isa = PBXFileReference; lastKnownFileType = sourcecode.swift; path = ItineraryList.swift; sourceTree = "<group>"; };
		A163CA8B2AA9B3BA009B8016 /* IOS_Advanced_Assignment_2.app */ = {isa = PBXFileReference; explicitFileType = wrapper.application; includeInIndex = 0; path = IOS_Advanced_Assignment_2.app; sourceTree = BUILT_PRODUCTS_DIR; };
		A163CA8E2AA9B3BA009B8016 /* IOS_Advanced_Assignment_2App.swift */ = {isa = PBXFileReference; lastKnownFileType = sourcecode.swift; path = IOS_Advanced_Assignment_2App.swift; sourceTree = "<group>"; };
		A163CA902AA9B3BA009B8016 /* ContentView.swift */ = {isa = PBXFileReference; lastKnownFileType = sourcecode.swift; path = ContentView.swift; sourceTree = "<group>"; };
		A163CA922AA9B3BE009B8016 /* Assets.xcassets */ = {isa = PBXFileReference; lastKnownFileType = folder.assetcatalog; path = Assets.xcassets; sourceTree = "<group>"; };
		A163CA952AA9B3BE009B8016 /* Preview Assets.xcassets */ = {isa = PBXFileReference; lastKnownFileType = folder.assetcatalog; path = "Preview Assets.xcassets"; sourceTree = "<group>"; };
		A17959E92AAC30E100FD383A /* AccomodationData.json */ = {isa = PBXFileReference; fileEncoding = 4; lastKnownFileType = text.json; path = AccomodationData.json; sourceTree = "<group>"; };
		A17959EB2AAC30EE00FD383A /* Accomodation.swift */ = {isa = PBXFileReference; lastKnownFileType = sourcecode.swift; path = Accomodation.swift; sourceTree = "<group>"; };
		A17959ED2AAC354B00FD383A /* AccomodationDetail.swift */ = {isa = PBXFileReference; lastKnownFileType = sourcecode.swift; path = AccomodationDetail.swift; sourceTree = "<group>"; };
		A17959EF2AAC359700FD383A /* AccomodationRow.swift */ = {isa = PBXFileReference; lastKnownFileType = sourcecode.swift; path = AccomodationRow.swift; sourceTree = "<group>"; };
/* End PBXFileReference section */

/* Begin PBXFrameworksBuildPhase section */
		A163CA882AA9B3BA009B8016 /* Frameworks */ = {
			isa = PBXFrameworksBuildPhase;
			buildActionMask = 2147483647;
			files = (
			);
			runOnlyForDeploymentPostprocessing = 0;
		};
/* End PBXFrameworksBuildPhase section */

/* Begin PBXGroup section */
		A160F4012AAA9DED006D0F4D /* View */ = {
			isa = PBXGroup;
			children = (
				A163CA8E2AA9B3BA009B8016 /* IOS_Advanced_Assignment_2App.swift */,
				A163CA902AA9B3BA009B8016 /* ContentView.swift */,
				A160F4182AAACA4F006D0F4D /* LocationDetail.swift */,
				A160F4122AAAB733006D0F4D /* ActivityList.swift */,
				A160F4142AAAB802006D0F4D /* ActivityRow.swift */,
				A160F4162AAABC74006D0F4D /* ActivityDetail.swift */,
				A15131362AAC2C2700D0A4D4 /* AccomodationList.swift */,
				A17959EF2AAC359700FD383A /* AccomodationRow.swift */,
				A17959ED2AAC354B00FD383A /* AccomodationDetail.swift */,
				A160F41A2AAAD7A7006D0F4D /* ItineraryList.swift */,
				A158765F2AB1905D00244F90 /* FavouriteList.swift */,
				A160F40A2AAA9E96006D0F4D /* ImageView.swift */,
				A160F40C2AAA9EA0006D0F4D /* MapView.swift */,
			);
			path = View;
			sourceTree = "<group>";
		};
		A160F4022AAA9DF5006D0F4D /* Model */ = {
			isa = PBXGroup;
			children = (
				A160F4032AAA9E1E006D0F4D /* Activity.swift */,
				A17959EB2AAC30EE00FD383A /* Accomodation.swift */,
			);
			path = Model;
			sourceTree = "<group>";
		};
		A160F4072AAA9E50006D0F4D /* Resources */ = {
			isa = PBXGroup;
			children = (
				A160F4102AAAAE54006D0F4D /* ActivityData.json */,
				A17959E92AAC30E100FD383A /* AccomodationData.json */,
			);
			path = Resources;
			sourceTree = "<group>";
		};
		A163CA822AA9B3BA009B8016 = {
			isa = PBXGroup;
			children = (
				A163CA8D2AA9B3BA009B8016 /* IOS_Advanced_Assignment_2 */,
				A163CA8C2AA9B3BA009B8016 /* Products */,
			);
			sourceTree = "<group>";
		};
		A163CA8C2AA9B3BA009B8016 /* Products */ = {
			isa = PBXGroup;
			children = (
				A163CA8B2AA9B3BA009B8016 /* IOS_Advanced_Assignment_2.app */,
			);
			name = Products;
			sourceTree = "<group>";
		};
		A163CA8D2AA9B3BA009B8016 /* IOS_Advanced_Assignment_2 */ = {
			isa = PBXGroup;
			children = (
				A1DDC6E22AB713CC0021D19D /* ViewModel */,
				A160F4072AAA9E50006D0F4D /* Resources */,
				A160F4022AAA9DF5006D0F4D /* Model */,
				A160F4012AAA9DED006D0F4D /* View */,
				A163CA922AA9B3BE009B8016 /* Assets.xcassets */,
				A163CA942AA9B3BE009B8016 /* Preview Content */,
			);
			path = IOS_Advanced_Assignment_2;
			sourceTree = "<group>";
		};
		A163CA942AA9B3BE009B8016 /* Preview Content */ = {
			isa = PBXGroup;
			children = (
				A163CA952AA9B3BE009B8016 /* Preview Assets.xcassets */,
			);
			path = "Preview Content";
			sourceTree = "<group>";
		};
		A1DDC6E22AB713CC0021D19D /* ViewModel */ = {
			isa = PBXGroup;
			children = (
				A160F4052AAA9E27006D0F4D /* ModelData.swift */,
			);
			path = ViewModel;
			sourceTree = "<group>";
		};
/* End PBXGroup section */

/* Begin PBXNativeTarget section */
		A163CA8A2AA9B3BA009B8016 /* IOS_Advanced_Assignment_2 */ = {
			isa = PBXNativeTarget;
			buildConfigurationList = A163CA992AA9B3BE009B8016 /* Build configuration list for PBXNativeTarget "IOS_Advanced_Assignment_2" */;
			buildPhases = (
				A163CA872AA9B3BA009B8016 /* Sources */,
				A163CA882AA9B3BA009B8016 /* Frameworks */,
				A163CA892AA9B3BA009B8016 /* Resources */,
			);
			buildRules = (
			);
			dependencies = (
			);
			name = IOS_Advanced_Assignment_2;
			productName = IOS_Advanced_Assignment_2;
			productReference = A163CA8B2AA9B3BA009B8016 /* IOS_Advanced_Assignment_2.app */;
			productType = "com.apple.product-type.application";
		};
/* End PBXNativeTarget section */

/* Begin PBXProject section */
		A163CA832AA9B3BA009B8016 /* Project object */ = {
			isa = PBXProject;
			attributes = {
				BuildIndependentTargetsInParallel = 1;
				LastSwiftUpdateCheck = 1430;
				LastUpgradeCheck = 1430;
				TargetAttributes = {
					A163CA8A2AA9B3BA009B8016 = {
						CreatedOnToolsVersion = 14.3.1;
					};
				};
			};
			buildConfigurationList = A163CA862AA9B3BA009B8016 /* Build configuration list for PBXProject "IOS_Advanced_Assignment_2" */;
			compatibilityVersion = "Xcode 14.0";
			developmentRegion = en;
			hasScannedForEncodings = 0;
			knownRegions = (
				en,
				Base,
			);
			mainGroup = A163CA822AA9B3BA009B8016;
			productRefGroup = A163CA8C2AA9B3BA009B8016 /* Products */;
			projectDirPath = "";
			projectRoot = "";
			targets = (
				A163CA8A2AA9B3BA009B8016 /* IOS_Advanced_Assignment_2 */,
			);
		};
/* End PBXProject section */

/* Begin PBXResourcesBuildPhase section */
		A163CA892AA9B3BA009B8016 /* Resources */ = {
			isa = PBXResourcesBuildPhase;
			buildActionMask = 2147483647;
			files = (
				A163CA962AA9B3BE009B8016 /* Preview Assets.xcassets in Resources */,
				A163CA932AA9B3BE009B8016 /* Assets.xcassets in Resources */,
				A17959EA2AAC30E100FD383A /* AccomodationData.json in Resources */,
				A160F4112AAAAE54006D0F4D /* ActivityData.json in Resources */,
			);
			runOnlyForDeploymentPostprocessing = 0;
		};
/* End PBXResourcesBuildPhase section */

/* Begin PBXSourcesBuildPhase section */
		A163CA872AA9B3BA009B8016 /* Sources */ = {
			isa = PBXSourcesBuildPhase;
			buildActionMask = 2147483647;
			files = (
				A160F40B2AAA9E96006D0F4D /* ImageView.swift in Sources */,
				A17959EE2AAC354B00FD383A /* AccomodationDetail.swift in Sources */,
				A160F4152AAAB802006D0F4D /* ActivityRow.swift in Sources */,
				A160F40D2AAA9EA0006D0F4D /* MapView.swift in Sources */,
				A160F4132AAAB733006D0F4D /* ActivityList.swift in Sources */,
				A160F4042AAA9E1E006D0F4D /* Activity.swift in Sources */,
				A17959EC2AAC30EE00FD383A /* Accomodation.swift in Sources */,
				A160F4172AAABC74006D0F4D /* ActivityDetail.swift in Sources */,
				A17959F02AAC359700FD383A /* AccomodationRow.swift in Sources */,
				A160F4062AAA9E27006D0F4D /* ModelData.swift in Sources */,
				A163CA912AA9B3BA009B8016 /* ContentView.swift in Sources */,
				A163CA8F2AA9B3BA009B8016 /* IOS_Advanced_Assignment_2App.swift in Sources */,
				A160F4192AAACA4F006D0F4D /* LocationDetail.swift in Sources */,
				A15131372AAC2C2700D0A4D4 /* AccomodationList.swift in Sources */,
				A160F41B2AAAD7A7006D0F4D /* ItineraryList.swift in Sources */,
				A15876602AB1905D00244F90 /* FavouriteList.swift in Sources */,
			);
			runOnlyForDeploymentPostprocessing = 0;
		};
/* End PBXSourcesBuildPhase section */

/* Begin XCBuildConfiguration section */
		A163CA972AA9B3BE009B8016 /* Debug */ = {
			isa = XCBuildConfiguration;
			buildSettings = {
				ALWAYS_SEARCH_USER_PATHS = NO;
				CLANG_ANALYZER_NONNULL = YES;
				CLANG_ANALYZER_NUMBER_OBJECT_CONVERSION = YES_AGGRESSIVE;
				CLANG_CXX_LANGUAGE_STANDARD = "gnu++20";
				CLANG_ENABLE_MODULES = YES;
				CLANG_ENABLE_OBJC_ARC = YES;
				CLANG_ENABLE_OBJC_WEAK = YES;
				CLANG_WARN_BLOCK_CAPTURE_AUTORELEASING = YES;
				CLANG_WARN_BOOL_CONVERSION = YES;
				CLANG_WARN_COMMA = YES;
				CLANG_WARN_CONSTANT_CONVERSION = YES;
				CLANG_WARN_DEPRECATED_OBJC_IMPLEMENTATIONS = YES;
				CLANG_WARN_DIRECT_OBJC_ISA_USAGE = YES_ERROR;
				CLANG_WARN_DOCUMENTATION_COMMENTS = YES;
				CLANG_WARN_EMPTY_BODY = YES;
				CLANG_WARN_ENUM_CONVERSION = YES;
				CLANG_WARN_INFINITE_RECURSION = YES;
				CLANG_WARN_INT_CONVERSION = YES;
				CLANG_WARN_NON_LITERAL_NULL_CONVERSION = YES;
				CLANG_WARN_OBJC_IMPLICIT_RETAIN_SELF = YES;
				CLANG_WARN_OBJC_LITERAL_CONVERSION = YES;
				CLANG_WARN_OBJC_ROOT_CLASS = YES_ERROR;
				CLANG_WARN_QUOTED_INCLUDE_IN_FRAMEWORK_HEADER = YES;
				CLANG_WARN_RANGE_LOOP_ANALYSIS = YES;
				CLANG_WARN_STRICT_PROTOTYPES = YES;
				CLANG_WARN_SUSPICIOUS_MOVE = YES;
				CLANG_WARN_UNGUARDED_AVAILABILITY = YES_AGGRESSIVE;
				CLANG_WARN_UNREACHABLE_CODE = YES;
				CLANG_WARN__DUPLICATE_METHOD_MATCH = YES;
				COPY_PHASE_STRIP = NO;
				DEBUG_INFORMATION_FORMAT = dwarf;
				ENABLE_STRICT_OBJC_MSGSEND = YES;
				ENABLE_TESTABILITY = YES;
				GCC_C_LANGUAGE_STANDARD = gnu11;
				GCC_DYNAMIC_NO_PIC = NO;
				GCC_NO_COMMON_BLOCKS = YES;
				GCC_OPTIMIZATION_LEVEL = 0;
				GCC_PREPROCESSOR_DEFINITIONS = (
					"DEBUG=1",
					"$(inherited)",
				);
				GCC_WARN_64_TO_32_BIT_CONVERSION = YES;
				GCC_WARN_ABOUT_RETURN_TYPE = YES_ERROR;
				GCC_WARN_UNDECLARED_SELECTOR = YES;
				GCC_WARN_UNINITIALIZED_AUTOS = YES_AGGRESSIVE;
				GCC_WARN_UNUSED_FUNCTION = YES;
				GCC_WARN_UNUSED_VARIABLE = YES;
				IPHONEOS_DEPLOYMENT_TARGET = 16.4;
				MTL_ENABLE_DEBUG_INFO = INCLUDE_SOURCE;
				MTL_FAST_MATH = YES;
				ONLY_ACTIVE_ARCH = YES;
				SDKROOT = iphoneos;
				SWIFT_ACTIVE_COMPILATION_CONDITIONS = DEBUG;
				SWIFT_OPTIMIZATION_LEVEL = "-Onone";
			};
			name = Debug;
		};
		A163CA982AA9B3BE009B8016 /* Release */ = {
			isa = XCBuildConfiguration;
			buildSettings = {
				ALWAYS_SEARCH_USER_PATHS = NO;
				CLANG_ANALYZER_NONNULL = YES;
				CLANG_ANALYZER_NUMBER_OBJECT_CONVERSION = YES_AGGRESSIVE;
				CLANG_CXX_LANGUAGE_STANDARD = "gnu++20";
				CLANG_ENABLE_MODULES = YES;
				CLANG_ENABLE_OBJC_ARC = YES;
				CLANG_ENABLE_OBJC_WEAK = YES;
				CLANG_WARN_BLOCK_CAPTURE_AUTORELEASING = YES;
				CLANG_WARN_BOOL_CONVERSION = YES;
				CLANG_WARN_COMMA = YES;
				CLANG_WARN_CONSTANT_CONVERSION = YES;
				CLANG_WARN_DEPRECATED_OBJC_IMPLEMENTATIONS = YES;
				CLANG_WARN_DIRECT_OBJC_ISA_USAGE = YES_ERROR;
				CLANG_WARN_DOCUMENTATION_COMMENTS = YES;
				CLANG_WARN_EMPTY_BODY = YES;
				CLANG_WARN_ENUM_CONVERSION = YES;
				CLANG_WARN_INFINITE_RECURSION = YES;
				CLANG_WARN_INT_CONVERSION = YES;
				CLANG_WARN_NON_LITERAL_NULL_CONVERSION = YES;
				CLANG_WARN_OBJC_IMPLICIT_RETAIN_SELF = YES;
				CLANG_WARN_OBJC_LITERAL_CONVERSION = YES;
				CLANG_WARN_OBJC_ROOT_CLASS = YES_ERROR;
				CLANG_WARN_QUOTED_INCLUDE_IN_FRAMEWORK_HEADER = YES;
				CLANG_WARN_RANGE_LOOP_ANALYSIS = YES;
				CLANG_WARN_STRICT_PROTOTYPES = YES;
				CLANG_WARN_SUSPICIOUS_MOVE = YES;
				CLANG_WARN_UNGUARDED_AVAILABILITY = YES_AGGRESSIVE;
				CLANG_WARN_UNREACHABLE_CODE = YES;
				CLANG_WARN__DUPLICATE_METHOD_MATCH = YES;
				COPY_PHASE_STRIP = NO;
				DEBUG_INFORMATION_FORMAT = "dwarf-with-dsym";
				ENABLE_NS_ASSERTIONS = NO;
				ENABLE_STRICT_OBJC_MSGSEND = YES;
				GCC_C_LANGUAGE_STANDARD = gnu11;
				GCC_NO_COMMON_BLOCKS = YES;
				GCC_WARN_64_TO_32_BIT_CONVERSION = YES;
				GCC_WARN_ABOUT_RETURN_TYPE = YES_ERROR;
				GCC_WARN_UNDECLARED_SELECTOR = YES;
				GCC_WARN_UNINITIALIZED_AUTOS = YES_AGGRESSIVE;
				GCC_WARN_UNUSED_FUNCTION = YES;
				GCC_WARN_UNUSED_VARIABLE = YES;
				IPHONEOS_DEPLOYMENT_TARGET = 16.4;
				MTL_ENABLE_DEBUG_INFO = NO;
				MTL_FAST_MATH = YES;
				SDKROOT = iphoneos;
				SWIFT_COMPILATION_MODE = wholemodule;
				SWIFT_OPTIMIZATION_LEVEL = "-O";
				VALIDATE_PRODUCT = YES;
			};
			name = Release;
		};
		A163CA9A2AA9B3BE009B8016 /* Debug */ = {
			isa = XCBuildConfiguration;
			buildSettings = {
				ASSETCATALOG_COMPILER_APPICON_NAME = AppIcon;
				ASSETCATALOG_COMPILER_GLOBAL_ACCENT_COLOR_NAME = AccentColor;
				CODE_SIGN_STYLE = Automatic;
				CURRENT_PROJECT_VERSION = 1;
				DEVELOPMENT_ASSET_PATHS = "\"IOS_Advanced_Assignment_2/Preview Content\"";
				ENABLE_PREVIEWS = YES;
				GENERATE_INFOPLIST_FILE = YES;
				INFOPLIST_KEY_UIApplicationSceneManifest_Generation = YES;
				INFOPLIST_KEY_UIApplicationSupportsIndirectInputEvents = YES;
				INFOPLIST_KEY_UILaunchScreen_Generation = YES;
				INFOPLIST_KEY_UISupportedInterfaceOrientations_iPad = "UIInterfaceOrientationPortrait UIInterfaceOrientationPortraitUpsideDown UIInterfaceOrientationLandscapeLeft UIInterfaceOrientationLandscapeRight";
				INFOPLIST_KEY_UISupportedInterfaceOrientations_iPhone = "UIInterfaceOrientationPortrait UIInterfaceOrientationLandscapeLeft UIInterfaceOrientationLandscapeRight";
				LD_RUNPATH_SEARCH_PATHS = (
					"$(inherited)",
					"@executable_path/Frameworks",
				);
				MARKETING_VERSION = 1.0;
				PRODUCT_BUNDLE_IDENTIFIER = "organization.IOS-Advanced-Assignment-2";
				PRODUCT_NAME = "$(TARGET_NAME)";
				SWIFT_EMIT_LOC_STRINGS = YES;
				SWIFT_VERSION = 5.0;
				TARGETED_DEVICE_FAMILY = "1,2";
			};
			name = Debug;
		};
		A163CA9B2AA9B3BE009B8016 /* Release */ = {
			isa = XCBuildConfiguration;
			buildSettings = {
				ASSETCATALOG_COMPILER_APPICON_NAME = AppIcon;
				ASSETCATALOG_COMPILER_GLOBAL_ACCENT_COLOR_NAME = AccentColor;
				CODE_SIGN_STYLE = Automatic;
				CURRENT_PROJECT_VERSION = 1;
				DEVELOPMENT_ASSET_PATHS = "\"IOS_Advanced_Assignment_2/Preview Content\"";
				ENABLE_PREVIEWS = YES;
				GENERATE_INFOPLIST_FILE = YES;
				INFOPLIST_KEY_UIApplicationSceneManifest_Generation = YES;
				INFOPLIST_KEY_UIApplicationSupportsIndirectInputEvents = YES;
				INFOPLIST_KEY_UILaunchScreen_Generation = YES;
				INFOPLIST_KEY_UISupportedInterfaceOrientations_iPad = "UIInterfaceOrientationPortrait UIInterfaceOrientationPortraitUpsideDown UIInterfaceOrientationLandscapeLeft UIInterfaceOrientationLandscapeRight";
				INFOPLIST_KEY_UISupportedInterfaceOrientations_iPhone = "UIInterfaceOrientationPortrait UIInterfaceOrientationLandscapeLeft UIInterfaceOrientationLandscapeRight";
				LD_RUNPATH_SEARCH_PATHS = (
					"$(inherited)",
					"@executable_path/Frameworks",
				);
				MARKETING_VERSION = 1.0;
				PRODUCT_BUNDLE_IDENTIFIER = "organization.IOS-Advanced-Assignment-2";
				PRODUCT_NAME = "$(TARGET_NAME)";
				SWIFT_EMIT_LOC_STRINGS = YES;
				SWIFT_VERSION = 5.0;
				TARGETED_DEVICE_FAMILY = "1,2";
			};
			name = Release;
		};
/* End XCBuildConfiguration section */

/* Begin XCConfigurationList section */
		A163CA862AA9B3BA009B8016 /* Build configuration list for PBXProject "IOS_Advanced_Assignment_2" */ = {
			isa = XCConfigurationList;
			buildConfigurations = (
				A163CA972AA9B3BE009B8016 /* Debug */,
				A163CA982AA9B3BE009B8016 /* Release */,
			);
			defaultConfigurationIsVisible = 0;
			defaultConfigurationName = Release;
		};
		A163CA992AA9B3BE009B8016 /* Build configuration list for PBXNativeTarget "IOS_Advanced_Assignment_2" */ = {
			isa = XCConfigurationList;
			buildConfigurations = (
				A163CA9A2AA9B3BE009B8016 /* Debug */,
				A163CA9B2AA9B3BE009B8016 /* Release */,
			);
			defaultConfigurationIsVisible = 0;
			defaultConfigurationName = Release;
		};
/* End XCConfigurationList section */
	};
	rootObject = A163CA832AA9B3BA009B8016 /* Project object */;
}
